
Microsoft Visual Studio Solution File, Format Version 12.00
Project("{FAE04EC0-301F-11D3-BF4B-00C04F79EFBC}") = "Sandbox", "Sandbox\Sandbox.csproj", "{D03A30A8-175F-41DC-B88F-88AD6165992D}"
EndProject
Project("{FAE04EC0-301F-11D3-BF4B-00C04F79EFBC}") = "Noushima.Farm", "Noushima.Farm\Noushima.Farm.csproj", "{93F345DA-6EF2-4ECC-9D86-EE49DA2C2C2F}"
EndProject
Project("{FAE04EC0-301F-11D3-BF4B-00C04F79EFBC}") = "Noushima.Island", "Noushima.Island\Noushima.Island.csproj", "{95FA06BE-FDA0-4C64-A40A-644C7184B16E}"
EndProject
Project("{FAE04EC0-301F-11D3-BF4B-00C04F79EFBC}") = "Noushima.Island.Api", "Noushima.Island.Api\Noushima.Island.Api.csproj", "{2890343B-D52C-4632-81EE-A63B832F9AB1}"
EndProject
Global
	GlobalSection(SolutionConfigurationPlatforms) = preSolution
		Debug|Any CPU = Debug|Any CPU
		Release|Any CPU = Release|Any CPU
	EndGlobalSection
	GlobalSection(ProjectConfigurationPlatforms) = postSolution
		{D03A30A8-175F-41DC-B88F-88AD6165992D}.Debug|Any CPU.ActiveCfg = Debug|Any CPU
		{D03A30A8-175F-41DC-B88F-88AD6165992D}.Debug|Any CPU.Build.0 = Debug|Any CPU
		{D03A30A8-175F-41DC-B88F-88AD6165992D}.Release|Any CPU.ActiveCfg = Release|Any CPU
		{D03A30A8-175F-41DC-B88F-88AD6165992D}.Release|Any CPU.Build.0 = Release|Any CPU
		{93F345DA-6EF2-4ECC-9D86-EE49DA2C2C2F}.Debug|Any CPU.ActiveCfg = Debug|Any CPU
		{93F345DA-6EF2-4ECC-9D86-EE49DA2C2C2F}.Debug|Any CPU.Build.0 = Debug|Any CPU
		{93F345DA-6EF2-4ECC-9D86-EE49DA2C2C2F}.Release|Any CPU.ActiveCfg = Release|Any CPU
		{93F345DA-6EF2-4ECC-9D86-EE49DA2C2C2F}.Release|Any CPU.Build.0 = Release|Any CPU
		{95FA06BE-FDA0-4C64-A40A-644C7184B16E}.Debug|Any CPU.ActiveCfg = Debug|Any CPU
		{95FA06BE-FDA0-4C64-A40A-644C7184B16E}.Debug|Any CPU.Build.0 = Debug|Any CPU
		{95FA06BE-FDA0-4C64-A40A-644C7184B16E}.Release|Any CPU.ActiveCfg = Release|Any CPU
		{95FA06BE-FDA0-4C64-A40A-644C7184B16E}.Release|Any CPU.Build.0 = Release|Any CPU
		{2890343B-D52C-4632-81EE-A63B832F9AB1}.Debug|Any CPU.ActiveCfg = Debug|Any CPU
		{2890343B-D52C-4632-81EE-A63B832F9AB1}.Debug|Any CPU.Build.0 = Debug|Any CPU
		{2890343B-D52C-4632-81EE-A63B832F9AB1}.Release|Any CPU.ActiveCfg = Release|Any CPU
		{2890343B-D52C-4632-81EE-A63B832F9AB1}.Release|Any CPU.Build.0 = Release|Any CPU
	EndGlobalSection
EndGlobal
